// !$*UTF8*$!
{
	archiveVersion = 1;
	classes = {
	};
	objectVersion = 46;
	objects = {

/* Begin PBXBuildFile section */
		B818137D1AE4DC1E00076A5F /* main.m in Sources */ = {isa = PBXBuildFile; fileRef = B818137C1AE4DC1E00076A5F /* main.m */; };
		B81813801AE4DC1E00076A5F /* AppDelegate.m in Sources */ = {isa = PBXBuildFile; fileRef = B818137F1AE4DC1E00076A5F /* AppDelegate.m */; };
		B81813831AE4DC1E00076A5F /* ViewController.m in Sources */ = {isa = PBXBuildFile; fileRef = B81813821AE4DC1E00076A5F /* ViewController.m */; };
		B81813861AE4DC1E00076A5F /* Main.storyboard in Resources */ = {isa = PBXBuildFile; fileRef = B81813841AE4DC1E00076A5F /* Main.storyboard */; };
		B81813881AE4DC1E00076A5F /* Images.xcassets in Resources */ = {isa = PBXBuildFile; fileRef = B81813871AE4DC1E00076A5F /* Images.xcassets */; };
		B818138B1AE4DC1E00076A5F /* LaunchScreen.xib in Resources */ = {isa = PBXBuildFile; fileRef = B81813891AE4DC1E00076A5F /* LaunchScreen.xib */; };
		B81813971AE4DC1E00076A5F /* testTests.m in Sources */ = {isa = PBXBuildFile; fileRef = B81813961AE4DC1E00076A5F /* testTests.m */; };
		B81813A31AE4DFEB00076A5F /* SecondViewController.m in Sources */ = {isa = PBXBuildFile; fileRef = B81813A21AE4DFEB00076A5F /* SecondViewController.m */; };
		B81813BC1AE4E4AA00076A5F /* SBJsonStreamParserState.m in Sources */ = {isa = PBXBuildFile; fileRef = B81813A81AE4E4AA00076A5F /* SBJsonStreamParserState.m */; };
		B81813BD1AE4E4AA00076A5F /* SBJsonStreamParserAdapter.m in Sources */ = {isa = PBXBuildFile; fileRef = B81813A91AE4E4AA00076A5F /* SBJsonStreamParserAdapter.m */; };
		B81813BE1AE4E4AA00076A5F /* SBJsonStreamParser.m in Sources */ = {isa = PBXBuildFile; fileRef = B81813AB1AE4E4AA00076A5F /* SBJsonStreamParser.m */; };
		B81813BF1AE4E4AA00076A5F /* SBJsonWriter.m in Sources */ = {isa = PBXBuildFile; fileRef = B81813AC1AE4E4AA00076A5F /* SBJsonWriter.m */; };
		B81813C01AE4E4AA00076A5F /* SBJsonStreamWriter.m in Sources */ = {isa = PBXBuildFile; fileRef = B81813AE1AE4E4AA00076A5F /* SBJsonStreamWriter.m */; };
		B81813C11AE4E4AA00076A5F /* SBJsonStreamWriterState.m in Sources */ = {isa = PBXBuildFile; fileRef = B81813B21AE4E4AA00076A5F /* SBJsonStreamWriterState.m */; };
		B81813C21AE4E4AA00076A5F /* SBJsonUTF8Stream.m in Sources */ = {isa = PBXBuildFile; fileRef = B81813B31AE4E4AA00076A5F /* SBJsonUTF8Stream.m */; };
		B81813C31AE4E4AA00076A5F /* SBJsonStreamWriterAccumulator.m in Sources */ = {isa = PBXBuildFile; fileRef = B81813B61AE4E4AA00076A5F /* SBJsonStreamWriterAccumulator.m */; };
		B81813C41AE4E4AA00076A5F /* SBJsonTokeniser.m in Sources */ = {isa = PBXBuildFile; fileRef = B81813B71AE4E4AA00076A5F /* SBJsonTokeniser.m */; };
		B81813C51AE4E4AA00076A5F /* SBJsonParser.m in Sources */ = {isa = PBXBuildFile; fileRef = B81813B81AE4E4AA00076A5F /* SBJsonParser.m */; };
		B81813C61AE4E4AA00076A5F /* SBJsonStreamParserAccumulator.m in Sources */ = {isa = PBXBuildFile; fileRef = B81813B91AE4E4AA00076A5F /* SBJsonStreamParserAccumulator.m */; };
		B81813C91AE4E4B400076A5F /* NSObject+SBJson.m in Sources */ = {isa = PBXBuildFile; fileRef = B81813C71AE4E4B400076A5F /* NSObject+SBJson.m */; };
		B81813CB1AE4F4BB00076A5F /* MessageUI.framework in Frameworks */ = {isa = PBXBuildFile; fileRef = B81813CA1AE4F4BB00076A5F /* MessageUI.framework */; };
		B81813CE1AE4F54C00076A5F /* libsqlite3.0.dylib in Frameworks */ = {isa = PBXBuildFile; fileRef = B81813CC1AE4F54C00076A5F /* libsqlite3.0.dylib */; };
		B81813CF1AE4F54C00076A5F /* libsqlite3.dylib in Frameworks */ = {isa = PBXBuildFile; fileRef = B81813CD1AE4F54C00076A5F /* libsqlite3.dylib */; };
		B86632F61AE65761007A0711 /* radio-on.png in Resources */ = {isa = PBXBuildFile; fileRef = B86632F41AE65761007A0711 /* radio-on.png */; };
		B86632F71AE65761007A0711 /* radio-off.png in Resources */ = {isa = PBXBuildFile; fileRef = B86632F51AE65761007A0711 /* radio-off.png */; };
/* End PBXBuildFile section */

/* Begin PBXContainerItemProxy section */
		B81813911AE4DC1E00076A5F /* PBXContainerItemProxy */ = {
			isa = PBXContainerItemProxy;
			containerPortal = B818136F1AE4DC1D00076A5F /* Project object */;
			proxyType = 1;
			remoteGlobalIDString = B81813761AE4DC1E00076A5F;
			remoteInfo = test;
		};
/* End PBXContainerItemProxy section */

/* Begin PBXFileReference section */
		B81813771AE4DC1E00076A5F /* test.app */ = {isa = PBXFileReference; explicitFileType = wrapper.application; includeInIndex = 0; path = test.app; sourceTree = BUILT_PRODUCTS_DIR; };
		B818137B1AE4DC1E00076A5F /* Info.plist */ = {isa = PBXFileReference; lastKnownFileType = text.plist.xml; path = Info.plist; sourceTree = "<group>"; };
		B818137C1AE4DC1E00076A5F /* main.m */ = {isa = PBXFileReference; lastKnownFileType = sourcecode.c.objc; path = main.m; sourceTree = "<group>"; };
		B818137E1AE4DC1E00076A5F /* AppDelegate.h */ = {isa = PBXFileReference; lastKnownFileType = sourcecode.c.h; path = AppDelegate.h; sourceTree = "<group>"; };
		B818137F1AE4DC1E00076A5F /* AppDelegate.m */ = {isa = PBXFileReference; lastKnownFileType = sourcecode.c.objc; path = AppDelegate.m; sourceTree = "<group>"; };
		B81813811AE4DC1E00076A5F /* ViewController.h */ = {isa = PBXFileReference; lastKnownFileType = sourcecode.c.h; path = ViewController.h; sourceTree = "<group>"; };
		B81813821AE4DC1E00076A5F /* ViewController.m */ = {isa = PBXFileReference; lastKnownFileType = sourcecode.c.objc; path = ViewController.m; sourceTree = "<group>"; };
		B81813851AE4DC1E00076A5F /* Base */ = {isa = PBXFileReference; lastKnownFileType = file.storyboard; name = Base; path = Base.lproj/Main.storyboard; sourceTree = "<group>"; };
		B81813871AE4DC1E00076A5F /* Images.xcassets */ = {isa = PBXFileReference; lastKnownFileType = folder.assetcatalog; path = Images.xcassets; sourceTree = "<group>"; };
		B818138A1AE4DC1E00076A5F /* Base */ = {isa = PBXFileReference; lastKnownFileType = file.xib; name = Base; path = Base.lproj/LaunchScreen.xib; sourceTree = "<group>"; };
		B81813901AE4DC1E00076A5F /* testTests.xctest */ = {isa = PBXFileReference; explicitFileType = wrapper.cfbundle; includeInIndex = 0; path = testTests.xctest; sourceTree = BUILT_PRODUCTS_DIR; };
		B81813951AE4DC1E00076A5F /* Info.plist */ = {isa = PBXFileReference; lastKnownFileType = text.plist.xml; path = Info.plist; sourceTree = "<group>"; };
		B81813961AE4DC1E00076A5F /* testTests.m */ = {isa = PBXFileReference; lastKnownFileType = sourcecode.c.objc; path = testTests.m; sourceTree = "<group>"; };
		B81813A11AE4DFEB00076A5F /* SecondViewController.h */ = {isa = PBXFileReference; fileEncoding = 4; lastKnownFileType = sourcecode.c.h; path = SecondViewController.h; sourceTree = "<group>"; };
		B81813A21AE4DFEB00076A5F /* SecondViewController.m */ = {isa = PBXFileReference; fileEncoding = 4; lastKnownFileType = sourcecode.c.objc; path = SecondViewController.m; sourceTree = "<group>"; };
		B81813A51AE4E4AA00076A5F /* SBJson.h */ = {isa = PBXFileReference; fileEncoding = 4; lastKnownFileType = sourcecode.c.h; path = SBJson.h; sourceTree = "<group>"; };
		B81813A61AE4E4AA00076A5F /* SBJsonWriter.h */ = {isa = PBXFileReference; fileEncoding = 4; lastKnownFileType = sourcecode.c.h; path = SBJsonWriter.h; sourceTree = "<group>"; };
		B81813A71AE4E4AA00076A5F /* SBJsonParser.h */ = {isa = PBXFileReference; fileEncoding = 4; lastKnownFileType = sourcecode.c.h; path = SBJsonParser.h; sourceTree = "<group>"; };
		B81813A81AE4E4AA00076A5F /* SBJsonStreamParserState.m */ = {isa = PBXFileReference; fileEncoding = 4; lastKnownFileType = sourcecode.c.objc; path = SBJsonStreamParserState.m; sourceTree = "<group>"; };
		B81813A91AE4E4AA00076A5F /* SBJsonStreamParserAdapter.m */ = {isa = PBXFileReference; fileEncoding = 4; lastKnownFileType = sourcecode.c.objc; path = SBJsonStreamParserAdapter.m; sourceTree = "<group>"; };
		B81813AA1AE4E4AA00076A5F /* SBJsonStreamWriter.h */ = {isa = PBXFileReference; fileEncoding = 4; lastKnownFileType = sourcecode.c.h; path = SBJsonStreamWriter.h; sourceTree = "<group>"; };
		B81813AB1AE4E4AA00076A5F /* SBJsonStreamParser.m */ = {isa = PBXFileReference; fileEncoding = 4; lastKnownFileType = sourcecode.c.objc; path = SBJsonStreamParser.m; sourceTree = "<group>"; };
		B81813AC1AE4E4AA00076A5F /* SBJsonWriter.m */ = {isa = PBXFileReference; fileEncoding = 4; lastKnownFileType = sourcecode.c.objc; path = SBJsonWriter.m; sourceTree = "<group>"; };
		B81813AD1AE4E4AA00076A5F /* SBJsonStreamParser.h */ = {isa = PBXFileReference; fileEncoding = 4; lastKnownFileType = sourcecode.c.h; path = SBJsonStreamParser.h; sourceTree = "<group>"; };
		B81813AE1AE4E4AA00076A5F /* SBJsonStreamWriter.m */ = {isa = PBXFileReference; fileEncoding = 4; lastKnownFileType = sourcecode.c.objc; path = SBJsonStreamWriter.m; sourceTree = "<group>"; };
		B81813AF1AE4E4AA00076A5F /* SBJsonStreamWriterState.h */ = {isa = PBXFileReference; fileEncoding = 4; lastKnownFileType = sourcecode.c.h; path = SBJsonStreamWriterState.h; sourceTree = "<group>"; };
		B81813B01AE4E4AA00076A5F /* SBJsonStreamWriterAccumulator.h */ = {isa = PBXFileReference; fileEncoding = 4; lastKnownFileType = sourcecode.c.h; path = SBJsonStreamWriterAccumulator.h; sourceTree = "<group>"; };
		B81813B11AE4E4AA00076A5F /* SBJsonStreamParserState.h */ = {isa = PBXFileReference; fileEncoding = 4; lastKnownFileType = sourcecode.c.h; path = SBJsonStreamParserState.h; sourceTree = "<group>"; };
		B81813B21AE4E4AA00076A5F /* SBJsonStreamWriterState.m */ = {isa = PBXFileReference; fileEncoding = 4; lastKnownFileType = sourcecode.c.objc; path = SBJsonStreamWriterState.m; sourceTree = "<group>"; };
		B81813B31AE4E4AA00076A5F /* SBJsonUTF8Stream.m */ = {isa = PBXFileReference; fileEncoding = 4; lastKnownFileType = sourcecode.c.objc; path = SBJsonUTF8Stream.m; sourceTree = "<group>"; };
		B81813B41AE4E4AA00076A5F /* SBJsonStreamParserAdapter.h */ = {isa = PBXFileReference; fileEncoding = 4; lastKnownFileType = sourcecode.c.h; path = SBJsonStreamParserAdapter.h; sourceTree = "<group>"; };
		B81813B51AE4E4AA00076A5F /* SBJsonStreamParserAccumulator.h */ = {isa = PBXFileReference; fileEncoding = 4; lastKnownFileType = sourcecode.c.h; path = SBJsonStreamParserAccumulator.h; sourceTree = "<group>"; };
		B81813B61AE4E4AA00076A5F /* SBJsonStreamWriterAccumulator.m */ = {isa = PBXFileReference; fileEncoding = 4; lastKnownFileType = sourcecode.c.objc; path = SBJsonStreamWriterAccumulator.m; sourceTree = "<group>"; };
		B81813B71AE4E4AA00076A5F /* SBJsonTokeniser.m */ = {isa = PBXFileReference; fileEncoding = 4; lastKnownFileType = sourcecode.c.objc; path = SBJsonTokeniser.m; sourceTree = "<group>"; };
		B81813B81AE4E4AA00076A5F /* SBJsonParser.m */ = {isa = PBXFileReference; fileEncoding = 4; lastKnownFileType = sourcecode.c.objc; path = SBJsonParser.m; sourceTree = "<group>"; };
		B81813B91AE4E4AA00076A5F /* SBJsonStreamParserAccumulator.m */ = {isa = PBXFileReference; fileEncoding = 4; lastKnownFileType = sourcecode.c.objc; path = SBJsonStreamParserAccumulator.m; sourceTree = "<group>"; };
		B81813BA1AE4E4AA00076A5F /* SBJsonTokeniser.h */ = {isa = PBXFileReference; fileEncoding = 4; lastKnownFileType = sourcecode.c.h; path = SBJsonTokeniser.h; sourceTree = "<group>"; };
		B81813BB1AE4E4AA00076A5F /* SBJsonUTF8Stream.h */ = {isa = PBXFileReference; fileEncoding = 4; lastKnownFileType = sourcecode.c.h; path = SBJsonUTF8Stream.h; sourceTree = "<group>"; };
		B81813C71AE4E4B400076A5F /* NSObject+SBJson.m */ = {isa = PBXFileReference; fileEncoding = 4; lastKnownFileType = sourcecode.c.objc; path = "NSObject+SBJson.m"; sourceTree = "<group>"; };
		B81813C81AE4E4B400076A5F /* NSObject+SBJson.h */ = {isa = PBXFileReference; fileEncoding = 4; lastKnownFileType = sourcecode.c.h; path = "NSObject+SBJson.h"; sourceTree = "<group>"; };
		B81813CA1AE4F4BB00076A5F /* MessageUI.framework */ = {isa = PBXFileReference; lastKnownFileType = wrapper.framework; name = MessageUI.framework; path = System/Library/Frameworks/MessageUI.framework; sourceTree = SDKROOT; };
		B81813CC1AE4F54C00076A5F /* libsqlite3.0.dylib */ = {isa = PBXFileReference; lastKnownFileType = "compiled.mach-o.dylib"; name = libsqlite3.0.dylib; path = usr/lib/libsqlite3.0.dylib; sourceTree = SDKROOT; };
		B81813CD1AE4F54C00076A5F /* libsqlite3.dylib */ = {isa = PBXFileReference; lastKnownFileType = "compiled.mach-o.dylib"; name = libsqlite3.dylib; path = usr/lib/libsqlite3.dylib; sourceTree = SDKROOT; };
		B86632F41AE65761007A0711 /* radio-on.png */ = {isa = PBXFileReference; lastKnownFileType = image.png; path = "radio-on.png"; sourceTree = "<group>"; };
		B86632F51AE65761007A0711 /* radio-off.png */ = {isa = PBXFileReference; lastKnownFileType = image.png; path = "radio-off.png"; sourceTree = "<group>"; };
/* End PBXFileReference section */

/* Begin PBXFrameworksBuildPhase section */
		B81813741AE4DC1E00076A5F /* Frameworks */ = {
			isa = PBXFrameworksBuildPhase;
			buildActionMask = 2147483647;
			files = (
				B81813CE1AE4F54C00076A5F /* libsqlite3.0.dylib in Frameworks */,
				B81813CF1AE4F54C00076A5F /* libsqlite3.dylib in Frameworks */,
				B81813CB1AE4F4BB00076A5F /* MessageUI.framework in Frameworks */,
			);
			runOnlyForDeploymentPostprocessing = 0;
		};
		B818138D1AE4DC1E00076A5F /* Frameworks */ = {
			isa = PBXFrameworksBuildPhase;
			buildActionMask = 2147483647;
			files = (
			);
			runOnlyForDeploymentPostprocessing = 0;
		};
/* End PBXFrameworksBuildPhase section */

/* Begin PBXGroup section */
		B818136E1AE4DC1D00076A5F = {
			isa = PBXGroup;
			children = (
				B81813CC1AE4F54C00076A5F /* libsqlite3.0.dylib */,
				B86632F41AE65761007A0711 /* radio-on.png */,
				B86632F51AE65761007A0711 /* radio-off.png */,
				B81813CD1AE4F54C00076A5F /* libsqlite3.dylib */,
				B81813CA1AE4F4BB00076A5F /* MessageUI.framework */,
				B81813A41AE4E48300076A5F /* Json */,
				B81813791AE4DC1E00076A5F /* test */,
				B81813931AE4DC1E00076A5F /* testTests */,
				B81813781AE4DC1E00076A5F /* Products */,
			);
			sourceTree = "<group>";
		};
		B81813781AE4DC1E00076A5F /* Products */ = {
			isa = PBXGroup;
			children = (
				B81813771AE4DC1E00076A5F /* test.app */,
				B81813901AE4DC1E00076A5F /* testTests.xctest */,
			);
			name = Products;
			sourceTree = "<group>";
		};
		B81813791AE4DC1E00076A5F /* test */ = {
			isa = PBXGroup;
			children = (
				B818137E1AE4DC1E00076A5F /* AppDelegate.h */,
				B818137F1AE4DC1E00076A5F /* AppDelegate.m */,
				B81813811AE4DC1E00076A5F /* ViewController.h */,
				B81813821AE4DC1E00076A5F /* ViewController.m */,
				B81813841AE4DC1E00076A5F /* Main.storyboard */,
				B81813A11AE4DFEB00076A5F /* SecondViewController.h */,
				B81813A21AE4DFEB00076A5F /* SecondViewController.m */,
				B81813871AE4DC1E00076A5F /* Images.xcassets */,
				B81813891AE4DC1E00076A5F /* LaunchScreen.xib */,
				B818137A1AE4DC1E00076A5F /* Supporting Files */,
			);
			path = test;
			sourceTree = "<group>";
		};
		B818137A1AE4DC1E00076A5F /* Supporting Files */ = {
			isa = PBXGroup;
			children = (
				B818137B1AE4DC1E00076A5F /* Info.plist */,
				B818137C1AE4DC1E00076A5F /* main.m */,
			);
			name = "Supporting Files";
			sourceTree = "<group>";
		};
		B81813931AE4DC1E00076A5F /* testTests */ = {
			isa = PBXGroup;
			children = (
				B81813961AE4DC1E00076A5F /* testTests.m */,
				B81813941AE4DC1E00076A5F /* Supporting Files */,
			);
			path = testTests;
			sourceTree = "<group>";
		};
		B81813941AE4DC1E00076A5F /* Supporting Files */ = {
			isa = PBXGroup;
			children = (
				B81813951AE4DC1E00076A5F /* Info.plist */,
			);
			name = "Supporting Files";
			sourceTree = "<group>";
		};
		B81813A41AE4E48300076A5F /* Json */ = {
			isa = PBXGroup;
			children = (
				B81813C71AE4E4B400076A5F /* NSObject+SBJson.m */,
				B81813C81AE4E4B400076A5F /* NSObject+SBJson.h */,
				B81813A51AE4E4AA00076A5F /* SBJson.h */,
				B81813A61AE4E4AA00076A5F /* SBJsonWriter.h */,
				B81813A71AE4E4AA00076A5F /* SBJsonParser.h */,
				B81813A81AE4E4AA00076A5F /* SBJsonStreamParserState.m */,
				B81813A91AE4E4AA00076A5F /* SBJsonStreamParserAdapter.m */,
				B81813AA1AE4E4AA00076A5F /* SBJsonStreamWriter.h */,
				B81813AB1AE4E4AA00076A5F /* SBJsonStreamParser.m */,
				B81813AC1AE4E4AA00076A5F /* SBJsonWriter.m */,
				B81813AD1AE4E4AA00076A5F /* SBJsonStreamParser.h */,
				B81813AE1AE4E4AA00076A5F /* SBJsonStreamWriter.m */,
				B81813AF1AE4E4AA00076A5F /* SBJsonStreamWriterState.h */,
				B81813B01AE4E4AA00076A5F /* SBJsonStreamWriterAccumulator.h */,
				B81813B11AE4E4AA00076A5F /* SBJsonStreamParserState.h */,
				B81813B21AE4E4AA00076A5F /* SBJsonStreamWriterState.m */,
				B81813B31AE4E4AA00076A5F /* SBJsonUTF8Stream.m */,
				B81813B41AE4E4AA00076A5F /* SBJsonStreamParserAdapter.h */,
				B81813B51AE4E4AA00076A5F /* SBJsonStreamParserAccumulator.h */,
				B81813B61AE4E4AA00076A5F /* SBJsonStreamWriterAccumulator.m */,
				B81813B71AE4E4AA00076A5F /* SBJsonTokeniser.m */,
				B81813B81AE4E4AA00076A5F /* SBJsonParser.m */,
				B81813B91AE4E4AA00076A5F /* SBJsonStreamParserAccumulator.m */,
				B81813BA1AE4E4AA00076A5F /* SBJsonTokeniser.h */,
				B81813BB1AE4E4AA00076A5F /* SBJsonUTF8Stream.h */,
			);
			name = Json;
			sourceTree = "<group>";
		};
/* End PBXGroup section */

/* Begin PBXNativeTarget section */
		B81813761AE4DC1E00076A5F /* test */ = {
			isa = PBXNativeTarget;
			buildConfigurationList = B818139A1AE4DC1E00076A5F /* Build configuration list for PBXNativeTarget "test" */;
			buildPhases = (
				B81813731AE4DC1E00076A5F /* Sources */,
				B81813741AE4DC1E00076A5F /* Frameworks */,
				B81813751AE4DC1E00076A5F /* Resources */,
			);
			buildRules = (
			);
			dependencies = (
			);
			name = test;
			productName = test;
			productReference = B81813771AE4DC1E00076A5F /* test.app */;
			productType = "com.apple.product-type.application";
		};
		B818138F1AE4DC1E00076A5F /* testTests */ = {
			isa = PBXNativeTarget;
			buildConfigurationList = B818139D1AE4DC1E00076A5F /* Build configuration list for PBXNativeTarget "testTests" */;
			buildPhases = (
				B818138C1AE4DC1E00076A5F /* Sources */,
				B818138D1AE4DC1E00076A5F /* Frameworks */,
				B818138E1AE4DC1E00076A5F /* Resources */,
			);
			buildRules = (
			);
			dependencies = (
				B81813921AE4DC1E00076A5F /* PBXTargetDependency */,
			);
			name = testTests;
			productName = testTests;
			productReference = B81813901AE4DC1E00076A5F /* testTests.xctest */;
			productType = "com.apple.product-type.bundle.unit-test";
		};
/* End PBXNativeTarget section */

/* Begin PBXProject section */
		B818136F1AE4DC1D00076A5F /* Project object */ = {
			isa = PBXProject;
			attributes = {
				LastUpgradeCheck = 0620;
				ORGANIZATIONNAME = XERAGO;
				TargetAttributes = {
					B81813761AE4DC1E00076A5F = {
						CreatedOnToolsVersion = 6.2;
					};
					B818138F1AE4DC1E00076A5F = {
						CreatedOnToolsVersion = 6.2;
						TestTargetID = B81813761AE4DC1E00076A5F;
					};
				};
			};
			buildConfigurationList = B81813721AE4DC1D00076A5F /* Build configuration list for PBXProject "test" */;
			compatibilityVersion = "Xcode 3.2";
			developmentRegion = English;
			hasScannedForEncodings = 0;
			knownRegions = (
				en,
				Base,
			);
			mainGroup = B818136E1AE4DC1D00076A5F;
			productRefGroup = B81813781AE4DC1E00076A5F /* Products */;
			projectDirPath = "";
			projectRoot = "";
			targets = (
				B81813761AE4DC1E00076A5F /* test */,
				B818138F1AE4DC1E00076A5F /* testTests */,
			);
		};
/* End PBXProject section */

/* Begin PBXResourcesBuildPhase section */
		B81813751AE4DC1E00076A5F /* Resources */ = {
			isa = PBXResourcesBuildPhase;
			buildActionMask = 2147483647;
			files = (
				B86632F71AE65761007A0711 /* radio-off.png in Resources */,
				B86632F61AE65761007A0711 /* radio-on.png in Resources */,
				B81813861AE4DC1E00076A5F /* Main.storyboard in Resources */,
				B818138B1AE4DC1E00076A5F /* LaunchScreen.xib in Resources */,
				B81813881AE4DC1E00076A5F /* Images.xcassets in Resources */,
			);
			runOnlyForDeploymentPostprocessing = 0;
		};
		B818138E1AE4DC1E00076A5F /* Resources */ = {
			isa = PBXResourcesBuildPhase;
			buildActionMask = 2147483647;
			files = (
			);
			runOnlyForDeploymentPostprocessing = 0;
		};
/* End PBXResourcesBuildPhase section */

/* Begin PBXSourcesBuildPhase section */
		B81813731AE4DC1E00076A5F /* Sources */ = {
			isa = PBXSourcesBuildPhase;
			buildActionMask = 2147483647;
			files = (
				B81813A31AE4DFEB00076A5F /* SecondViewController.m in Sources */,
				B81813C01AE4E4AA00076A5F /* SBJsonStreamWriter.m in Sources */,
				B81813C41AE4E4AA00076A5F /* SBJsonTokeniser.m in Sources */,
				B81813C31AE4E4AA00076A5F /* SBJsonStreamWriterAccumulator.m in Sources */,
				B81813831AE4DC1E00076A5F /* ViewController.m in Sources */,
				B81813C61AE4E4AA00076A5F /* SBJsonStreamParserAccumulator.m in Sources */,
				B81813801AE4DC1E00076A5F /* AppDelegate.m in Sources */,
				B81813C21AE4E4AA00076A5F /* SBJsonUTF8Stream.m in Sources */,
				B81813C51AE4E4AA00076A5F /* SBJsonParser.m in Sources */,
				B81813BC1AE4E4AA00076A5F /* SBJsonStreamParserState.m in Sources */,
				B81813BE1AE4E4AA00076A5F /* SBJsonStreamParser.m in Sources */,
				B81813BF1AE4E4AA00076A5F /* SBJsonWriter.m in Sources */,
				B818137D1AE4DC1E00076A5F /* main.m in Sources */,
				B81813BD1AE4E4AA00076A5F /* SBJsonStreamParserAdapter.m in Sources */,
				B81813C91AE4E4B400076A5F /* NSObject+SBJson.m in Sources */,
				B81813C11AE4E4AA00076A5F /* SBJsonStreamWriterState.m in Sources */,
			);
			runOnlyForDeploymentPostprocessing = 0;
		};
		B818138C1AE4DC1E00076A5F /* Sources */ = {
			isa = PBXSourcesBuildPhase;
			buildActionMask = 2147483647;
			files = (
				B81813971AE4DC1E00076A5F /* testTests.m in Sources */,
			);
			runOnlyForDeploymentPostprocessing = 0;
		};
/* End PBXSourcesBuildPhase section */

/* Begin PBXTargetDependency section */
		B81813921AE4DC1E00076A5F /* PBXTargetDependency */ = {
			isa = PBXTargetDependency;
			target = B81813761AE4DC1E00076A5F /* test */;
			targetProxy = B81813911AE4DC1E00076A5F /* PBXContainerItemProxy */;
		};
/* End PBXTargetDependency section */

/* Begin PBXVariantGroup section */
		B81813841AE4DC1E00076A5F /* Main.storyboard */ = {
			isa = PBXVariantGroup;
			children = (
				B81813851AE4DC1E00076A5F /* Base */,
			);
			name = Main.storyboard;
			sourceTree = "<group>";
		};
		B81813891AE4DC1E00076A5F /* LaunchScreen.xib */ = {
			isa = PBXVariantGroup;
			children = (
				B818138A1AE4DC1E00076A5F /* Base */,
			);
			name = LaunchScreen.xib;
			sourceTree = "<group>";
		};
/* End PBXVariantGroup section */

/* Begin XCBuildConfiguration section */
		B81813981AE4DC1E00076A5F /* Debug */ = {
			isa = XCBuildConfiguration;
			buildSettings = {
				ALWAYS_SEARCH_USER_PATHS = NO;
				CLANG_CXX_LANGUAGE_STANDARD = "gnu++0x";
				CLANG_CXX_LIBRARY = "libc++";
				CLANG_ENABLE_MODULES = YES;
				CLANG_ENABLE_OBJC_ARC = YES;
				CLANG_WARN_BOOL_CONVERSION = YES;
				CLANG_WARN_CONSTANT_CONVERSION = YES;
				CLANG_WARN_DIRECT_OBJC_ISA_USAGE = YES_ERROR;
				CLANG_WARN_EMPTY_BODY = YES;
				CLANG_WARN_ENUM_CONVERSION = YES;
				CLANG_WARN_INT_CONVERSION = YES;
				CLANG_WARN_OBJC_ROOT_CLASS = YES_ERROR;
				CLANG_WARN_UNREACHABLE_CODE = YES;
				CLANG_WARN__DUPLICATE_METHOD_MATCH = YES;
				"CODE_SIGN_IDENTITY[sdk=iphoneos*]" = "iPhone Developer";
				COPY_PHASE_STRIP = NO;
				ENABLE_STRICT_OBJC_MSGSEND = YES;
				GCC_C_LANGUAGE_STANDARD = gnu99;
				GCC_DYNAMIC_NO_PIC = NO;
				GCC_OPTIMIZATION_LEVEL = 0;
				GCC_PREPROCESSOR_DEFINITIONS = (
					"DEBUG=1",
					"$(inherited)",
				);
				GCC_SYMBOLS_PRIVATE_EXTERN = NO;
				GCC_WARN_64_TO_32_BIT_CONVERSION = YES;
				GCC_WARN_ABOUT_RETURN_TYPE = YES_ERROR;
				GCC_WARN_UNDECLARED_SELECTOR = YES;
				GCC_WARN_UNINITIALIZED_AUTOS = YES_AGGRESSIVE;
				GCC_WARN_UNUSED_FUNCTION = YES;
				GCC_WARN_UNUSED_VARIABLE = YES;
				IPHONEOS_DEPLOYMENT_TARGET = 8.2;
				MTL_ENABLE_DEBUG_INFO = YES;
				ONLY_ACTIVE_ARCH = YES;
				SDKROOT = iphoneos;
			};
			name = Debug;
		};
		B81813991AE4DC1E00076A5F /* Release */ = {
			isa = XCBuildConfiguration;
			buildSettings = {
				ALWAYS_SEARCH_USER_PATHS = NO;
				CLANG_CXX_LANGUAGE_STANDARD = "gnu++0x";
				CLANG_CXX_LIBRARY = "libc++";
				CLANG_ENABLE_MODULES = YES;
				CLANG_ENABLE_OBJC_ARC = YES;
				CLANG_WARN_BOOL_CONVERSION = YES;
				CLANG_WARN_CONSTANT_CONVERSION = YES;
				CLANG_WARN_DIRECT_OBJC_ISA_USAGE = YES_ERROR;
				CLANG_WARN_EMPTY_BODY = YES;
				CLANG_WARN_ENUM_CONVERSION = YES;
				CLANG_WARN_INT_CONVERSION = YES;
				CLANG_WARN_OBJC_ROOT_CLASS = YES_ERROR;
				CLANG_WARN_UNREACHABLE_CODE = YES;
				CLANG_WARN__DUPLICATE_METHOD_MATCH = YES;
				"CODE_SIGN_IDENTITY[sdk=iphoneos*]" = "iPhone Developer";
				COPY_PHASE_STRIP = NO;
				ENABLE_NS_ASSERTIONS = NO;
				ENABLE_STRICT_OBJC_MSGSEND = YES;
				GCC_C_LANGUAGE_STANDARD = gnu99;
				GCC_WARN_64_TO_32_BIT_CONVERSION = YES;
				GCC_WARN_ABOUT_RETURN_TYPE = YES_ERROR;
				GCC_WARN_UNDECLARED_SELECTOR = YES;
				GCC_WARN_UNINITIALIZED_AUTOS = YES_AGGRESSIVE;
				GCC_WARN_UNUSED_FUNCTION = YES;
				GCC_WARN_UNUSED_VARIABLE = YES;
				IPHONEOS_DEPLOYMENT_TARGET = 8.2;
				MTL_ENABLE_DEBUG_INFO = NO;
				SDKROOT = iphoneos;
				VALIDATE_PRODUCT = YES;
			};
			name = Release;
		};
		B818139B1AE4DC1E00076A5F /* Debug */ = {
			isa = XCBuildConfiguration;
			buildSettings = {
				ASSETCATALOG_COMPILER_APPICON_NAME = AppIcon;
				INFOPLIST_FILE = test/Info.plist;
				IPHONEOS_DEPLOYMENT_TARGET = 7.0;
				LD_RUNPATH_SEARCH_PATHS = "$(inherited) @executable_path/Frameworks";
				PRODUCT_NAME = "$(TARGET_NAME)";
			};
			name = Debug;
		};
		B818139C1AE4DC1E00076A5F /* Release */ = {
			isa = XCBuildConfiguration;
			buildSettings = {
				ASSETCATALOG_COMPILER_APPICON_NAME = AppIcon;
				INFOPLIST_FILE = test/Info.plist;
				IPHONEOS_DEPLOYMENT_TARGET = 7.0;
				LD_RUNPATH_SEARCH_PATHS = "$(inherited) @executable_path/Frameworks";
				PRODUCT_NAME = "$(TARGET_NAME)";
			};
			name = Release;
		};
		B818139E1AE4DC1E00076A5F /* Debug */ = {
			isa = XCBuildConfiguration;
			buildSettings = {
				BUNDLE_LOADER = "$(TEST_HOST)";
				FRAMEWORK_SEARCH_PATHS = (
					"$(SDKROOT)/Developer/Library/Frameworks",
					"$(inherited)",
				);
				GCC_PREPROCESSOR_DEFINITIONS = (
					"DEBUG=1",
					"$(inherited)",
				);
				INFOPLIST_FILE = testTests/Info.plist;
				LD_RUNPATH_SEARCH_PATHS = "$(inherited) @executable_path/Frameworks @loader_path/Frameworks";
				PRODUCT_NAME = "$(TARGET_NAME)";
				TEST_HOST = "$(BUILT_PRODUCTS_DIR)/test.app/test";
			};
			name = Debug;
		};
		B818139F1AE4DC1E00076A5F /* Release */ = {
			isa = XCBuildConfiguration;
			buildSettings = {
				BUNDLE_LOADER = "$(TEST_HOST)";
				FRAMEWORK_SEARCH_PATHS = (
					"$(SDKROOT)/Developer/Library/Frameworks",
					"$(inherited)",
				);
				INFOPLIST_FILE = testTests/Info.plist;
				LD_RUNPATH_SEARCH_PATHS = "$(inherited) @executable_path/Frameworks @loader_path/Frameworks";
				PRODUCT_NAME = "$(TARGET_NAME)";
				TEST_HOST = "$(BUILT_PRODUCTS_DIR)/test.app/test";
			};
			name = Release;
		};
/* End XCBuildConfiguration section */

/* Begin XCConfigurationList section */
		B81813721AE4DC1D00076A5F /* Build configuration list for PBXProject "test" */ = {
			isa = XCConfigurationList;
			buildConfigurations = (
				B81813981AE4DC1E00076A5F /* Debug */,
				B81813991AE4DC1E00076A5F /* Release */,
			);
			defaultConfigurationIsVisible = 0;
			defaultConfigurationName = Release;
		};
		B818139A1AE4DC1E00076A5F /* Build configuration list for PBXNativeTarget "test" */ = {
			isa = XCConfigurationList;
			buildConfigurations = (
				B818139B1AE4DC1E00076A5F /* Debug */,
				B818139C1AE4DC1E00076A5F /* Release */,
			);
			defaultConfigurationIsVisible = 0;
			defaultConfigurationName = Release;
		};
		B818139D1AE4DC1E00076A5F /* Build configuration list for PBXNativeTarget "testTests" */ = {
			isa = XCConfigurationList;
			buildConfigurations = (
				B818139E1AE4DC1E00076A5F /* Debug */,
				B818139F1AE4DC1E00076A5F /* Release */,
			);
			defaultConfigurationIsVisible = 0;
			defaultConfigurationName = Release;
		};
/* End XCConfigurationList section */
	};
	rootObject = B818136F1AE4DC1D00076A5F /* Project object */;
}
